
Microsoft Visual Studio Solution File, Format Version 12.00
# Visual Studio 16
Project("{8BC9CEB8-8B4A-11D0-8D11-00A0C91BC942}") = "sandbox", "sandbox\sandbox.vcxproj", "{145A6C82-8039-EB1D-8951-76F4F5AF517F}"
EndProject
Project("{8BC9CEB8-8B4A-11D0-8D11-00A0C91BC942}") = "gamelib", "gamelib\gamelib.vcxproj", "{961EA0E6-02FE-1E82-0B16-AA58777485E3}"
EndProject
Project("{8BC9CEB8-8B4A-11D0-8D11-00A0C91BC942}") = "pong", "pong\pong.vcxproj", "{B9609C7C-A597-9D0D-4E84-83103A9A190F}"
EndProject
Project("{8BC9CEB8-8B4A-11D0-8D11-00A0C91BC942}") = "test", "test\test.vcxproj", "{65689E7C-519F-9F0D-FA8B-8510E6A11B0F}"
EndProject
Global
	GlobalSection(SolutionConfigurationPlatforms) = preSolution
		Debug|x64 = Debug|x64
		Release|x64 = Release|x64
	EndGlobalSection
	GlobalSection(ProjectConfigurationPlatforms) = postSolution
		{145A6C82-8039-EB1D-8951-76F4F5AF517F}.Debug|x64.ActiveCfg = Debug|x64
		{145A6C82-8039-EB1D-8951-76F4F5AF517F}.Debug|x64.Build.0 = Debug|x64
		{145A6C82-8039-EB1D-8951-76F4F5AF517F}.Release|x64.ActiveCfg = Release|x64
		{145A6C82-8039-EB1D-8951-76F4F5AF517F}.Release|x64.Build.0 = Release|x64
		{961EA0E6-02FE-1E82-0B16-AA58777485E3}.Debug|x64.ActiveCfg = Debug|x64
		{961EA0E6-02FE-1E82-0B16-AA58777485E3}.Debug|x64.Build.0 = Debug|x64
		{961EA0E6-02FE-1E82-0B16-AA58777485E3}.Release|x64.ActiveCfg = Release|x64
		{961EA0E6-02FE-1E82-0B16-AA58777485E3}.Release|x64.Build.0 = Release|x64
		{B9609C7C-A597-9D0D-4E84-83103A9A190F}.Debug|x64.ActiveCfg = Debug|x64
		{B9609C7C-A597-9D0D-4E84-83103A9A190F}.Debug|x64.Build.0 = Debug|x64
		{B9609C7C-A597-9D0D-4E84-83103A9A190F}.Release|x64.ActiveCfg = Release|x64
		{B9609C7C-A597-9D0D-4E84-83103A9A190F}.Release|x64.Build.0 = Release|x64
		{65689E7C-519F-9F0D-FA8B-8510E6A11B0F}.Debug|x64.ActiveCfg = Debug|x64
		{65689E7C-519F-9F0D-FA8B-8510E6A11B0F}.Debug|x64.Build.0 = Debug|x64
		{65689E7C-519F-9F0D-FA8B-8510E6A11B0F}.Release|x64.ActiveCfg = Release|x64
		{65689E7C-519F-9F0D-FA8B-8510E6A11B0F}.Release|x64.Build.0 = Release|x64
	EndGlobalSection
	GlobalSection(SolutionProperties) = preSolution
		HideSolutionNode = FALSE
	EndGlobalSection
EndGlobal
